
Microsoft Visual Studio Solution File, Format Version 12.00
# Visual Studio Version 17
VisualStudioVersion = 17.3.32901.215
MinimumVisualStudioVersion = 10.0.40219.1
Project("{FAE04EC0-301F-11D3-BF4B-00C04F79EFBC}") = "MicrosTest-01-10", "MicrosTest-01-10\MicrosTest-01-10.csproj", "{5F058605-85C0-418B-9992-57337C51F73F}"
EndProject
Global
	GlobalSection(SolutionConfigurationPlatforms) = preSolution
		Debug|Any CPU = Debug|Any CPU
		Release|Any CPU = Release|Any CPU
	EndGlobalSection
	GlobalSection(ProjectConfigurationPlatforms) = postSolution
		{5F058605-85C0-418B-9992-57337C51F73F}.Debug|Any CPU.ActiveCfg = Debug|Any CPU
		{5F058605-85C0-418B-9992-57337C51F73F}.Debug|Any CPU.Build.0 = Debug|Any CPU
		{5F058605-85C0-418B-9992-57337C51F73F}.Release|Any CPU.ActiveCfg = Release|Any CPU
		{5F058605-85C0-418B-9992-57337C51F73F}.Release|Any CPU.Build.0 = Release|Any CPU
	EndGlobalSection
	GlobalSection(SolutionProperties) = preSolution
		HideSolutionNode = FALSE
	EndGlobalSection
	GlobalSection(ExtensibilityGlobals) = postSolution
		SolutionGuid = {41808DD7-43E9-4E55-8805-CD4505DEF471}
	EndGlobalSection
EndGlobal
