
Microsoft Visual Studio Solution File, Format Version 12.00
# Visual Studio Version 17
VisualStudioVersion = 17.3.32901.215
MinimumVisualStudioVersion = 10.0.40219.1
Project("{54A90642-561A-4BB1-A94E-469ADEE60C69}") = "micros-react-client", "micros-react-client\micros-react-client.esproj", "{9C3B3F67-5A05-42FF-8AD0-999C5F06069E}"
EndProject
Project("{FAE04EC0-301F-11D3-BF4B-00C04F79EFBC}") = "MicrosApi", "MicrosApi\MicrosApi.csproj", "{20A7BC8A-9E96-46D7-91B3-FF0BA300B3B3}"
EndProject
Global
	GlobalSection(SolutionConfigurationPlatforms) = preSolution
		Debug|Any CPU = Debug|Any CPU
		Release|Any CPU = Release|Any CPU
	EndGlobalSection
	GlobalSection(ProjectConfigurationPlatforms) = postSolution
		{9C3B3F67-5A05-42FF-8AD0-999C5F06069E}.Debug|Any CPU.ActiveCfg = Debug|Any CPU
		{9C3B3F67-5A05-42FF-8AD0-999C5F06069E}.Debug|Any CPU.Build.0 = Debug|Any CPU
		{9C3B3F67-5A05-42FF-8AD0-999C5F06069E}.Debug|Any CPU.Deploy.0 = Debug|Any CPU
		{9C3B3F67-5A05-42FF-8AD0-999C5F06069E}.Release|Any CPU.ActiveCfg = Release|Any CPU
		{9C3B3F67-5A05-42FF-8AD0-999C5F06069E}.Release|Any CPU.Build.0 = Release|Any CPU
		{9C3B3F67-5A05-42FF-8AD0-999C5F06069E}.Release|Any CPU.Deploy.0 = Release|Any CPU
		{20A7BC8A-9E96-46D7-91B3-FF0BA300B3B3}.Debug|Any CPU.ActiveCfg = Debug|Any CPU
		{20A7BC8A-9E96-46D7-91B3-FF0BA300B3B3}.Debug|Any CPU.Build.0 = Debug|Any CPU
		{20A7BC8A-9E96-46D7-91B3-FF0BA300B3B3}.Release|Any CPU.ActiveCfg = Release|Any CPU
		{20A7BC8A-9E96-46D7-91B3-FF0BA300B3B3}.Release|Any CPU.Build.0 = Release|Any CPU
	EndGlobalSection
	GlobalSection(SolutionProperties) = preSolution
		HideSolutionNode = FALSE
	EndGlobalSection
	GlobalSection(ExtensibilityGlobals) = postSolution
		SolutionGuid = {41808DD7-43E9-4E55-8805-CD4505DEF471}
	EndGlobalSection
EndGlobal
