
Microsoft Visual Studio Solution File, Format Version 12.00
# Visual Studio Version 17
VisualStudioVersion = 17.3.32901.215
MinimumVisualStudioVersion = 10.0.40219.1
Project("{9A19103F-16F7-4668-BE54-9A1E7A4F7556}") = "MicrosApi", "MicrosApi\MicrosApi.csproj", "{20A7BC8A-9E96-46D7-91B3-FF0BA300B3B3}"
EndProject
Project("{54A90642-561A-4BB1-A94E-469ADEE60C69}") = "clientapp", "ClientApp\clientapp.esproj", "{E2DFBD41-1634-45BA-A692-76E062CB5188}"
EndProject
Global
	GlobalSection(SolutionConfigurationPlatforms) = preSolution
		Debug|Any CPU = Debug|Any CPU
		Release|Any CPU = Release|Any CPU
	EndGlobalSection
	GlobalSection(ProjectConfigurationPlatforms) = postSolution
		{20A7BC8A-9E96-46D7-91B3-FF0BA300B3B3}.Debug|Any CPU.ActiveCfg = Debug|Any CPU
		{20A7BC8A-9E96-46D7-91B3-FF0BA300B3B3}.Debug|Any CPU.Build.0 = Debug|Any CPU
		{20A7BC8A-9E96-46D7-91B3-FF0BA300B3B3}.Release|Any CPU.ActiveCfg = Release|Any CPU
		{20A7BC8A-9E96-46D7-91B3-FF0BA300B3B3}.Release|Any CPU.Build.0 = Release|Any CPU
		{E2DFBD41-1634-45BA-A692-76E062CB5188}.Debug|Any CPU.ActiveCfg = Debug|Any CPU
		{E2DFBD41-1634-45BA-A692-76E062CB5188}.Debug|Any CPU.Build.0 = Debug|Any CPU
		{E2DFBD41-1634-45BA-A692-76E062CB5188}.Debug|Any CPU.Deploy.0 = Debug|Any CPU
		{E2DFBD41-1634-45BA-A692-76E062CB5188}.Release|Any CPU.ActiveCfg = Release|Any CPU
		{E2DFBD41-1634-45BA-A692-76E062CB5188}.Release|Any CPU.Build.0 = Release|Any CPU
		{E2DFBD41-1634-45BA-A692-76E062CB5188}.Release|Any CPU.Deploy.0 = Release|Any CPU
	EndGlobalSection
	GlobalSection(SolutionProperties) = preSolution
		HideSolutionNode = FALSE
	EndGlobalSection
	GlobalSection(ExtensibilityGlobals) = postSolution
		SolutionGuid = {41808DD7-43E9-4E55-8805-CD4505DEF471}
	EndGlobalSection
EndGlobal
